
Microsoft Visual Studio Solution File, Format Version 12.00
# Visual Studio Version 17
VisualStudioVersion = 17.5.33530.505
MinimumVisualStudioVersion = 10.0.40219.1
Project("{FAE04EC0-301F-11D3-BF4B-00C04F79EFBC}") = "IndividualProject", "IndividualProject\IndividualProject.csproj", "{922E419E-7C72-4E71-A6F6-6135E06F4425}"
EndProject
Global
	GlobalSection(SolutionConfigurationPlatforms) = preSolution
		Debug|Any CPU = Debug|Any CPU
		Release|Any CPU = Release|Any CPU
	EndGlobalSection
	GlobalSection(ProjectConfigurationPlatforms) = postSolution
		{922E419E-7C72-4E71-A6F6-6135E06F4425}.Debug|Any CPU.ActiveCfg = Debug|Any CPU
		{922E419E-7C72-4E71-A6F6-6135E06F4425}.Debug|Any CPU.Build.0 = Debug|Any CPU
		{922E419E-7C72-4E71-A6F6-6135E06F4425}.Release|Any CPU.ActiveCfg = Release|Any CPU
		{922E419E-7C72-4E71-A6F6-6135E06F4425}.Release|Any CPU.Build.0 = Release|Any CPU
	EndGlobalSection
	GlobalSection(SolutionProperties) = preSolution
		HideSolutionNode = FALSE
	EndGlobalSection
	GlobalSection(ExtensibilityGlobals) = postSolution
		SolutionGuid = {0EE19EB1-6178-41A9-858D-07AF1D12E90B}
	EndGlobalSection
EndGlobal
